
Microsoft Visual Studio Solution File, Format Version 12.00
Project("{FAE04EC0-301F-11D3-BF4B-00C04F79EFBC}") = "Labs_6", "Labs_6.csproj", "{0C41F30F-E6A8-4E16-A2D9-B9469CDC226D}"
EndProject
Global
	GlobalSection(SolutionConfigurationPlatforms) = preSolution
		Debug|Any CPU = Debug|Any CPU
		Release|Any CPU = Release|Any CPU
	EndGlobalSection
	GlobalSection(ProjectConfigurationPlatforms) = postSolution
		{0C41F30F-E6A8-4E16-A2D9-B9469CDC226D}.Debug|Any CPU.ActiveCfg = Debug|Any CPU
		{0C41F30F-E6A8-4E16-A2D9-B9469CDC226D}.Debug|Any CPU.Build.0 = Debug|Any CPU
		{0C41F30F-E6A8-4E16-A2D9-B9469CDC226D}.Release|Any CPU.ActiveCfg = Release|Any CPU
		{0C41F30F-E6A8-4E16-A2D9-B9469CDC226D}.Release|Any CPU.Build.0 = Release|Any CPU
	EndGlobalSection
EndGlobal
